{
  "name": "@i2v-systems/watch-list",
  "version": "0.2.5",
  "lockfileVersion": 2,
  "requires": true,
  "packages": {
    "": {
      "name": "@i2v-systems/watch-list",
      "version": "0.2.5",
      "dependencies": {
        "tslib": "^2.3.0"
      },
      "peerDependencies": {
        "@angular/common": "^12.2.0",
        "@angular/core": "^12.2.0",
        "@angular/material": "^12.0.2",
        "@i2v-systems/common-components": "^1.0.3",
        "@progress/kendo-angular-buttons": "^6.0.0",
        "@progress/kendo-angular-grid": "^5.0.3-dev.202102051127",
        "@progress/kendo-angular-inputs": "^7.0.0",
        "@progress/kendo-angular-menu": "^3.0.0",
        "@progress/kendo-theme-default": "^4.29.0"
      }
    },
    "node_modules/@angular/animations": {
      "version": "12.2.17",
      "resolved": "https://registry.npmjs.org/@angular/animations/-/animations-12.2.17.tgz",
      "integrity": "sha512-WVUcvKvr6wr9Nf3I2ksu5bFJ5xHhby4UEBTvOAdLpDqic+dzqtzVwAktDRprBSdxKQk1OlTw6jD4MsVEDKnZTg==",
      "peer": true,
      "dependencies": {
        "tslib": "^2.2.0"
      },
      "engines": {
        "node": "^12.14.1 || >=14.0.0"
      },
      "peerDependencies": {
        "@angular/core": "12.2.17"
      }
    },
    "node_modules/@angular/cdk": {
      "version": "12.2.13",
      "license": "MIT",
      "peer": true,
      "dependencies": {
        "tslib": "^2.2.0"
      },
      "optionalDependencies": {
        "parse5": "^5.0.0"
      },
      "peerDependencies": {
        "@angular/common": "^12.0.0 || ^13.0.0-0",
        "@angular/core": "^12.0.0 || ^13.0.0-0",
        "rxjs": "^6.5.3 || ^7.0.0"
      }
    },
    "node_modules/@angular/common": {
      "version": "12.2.17",
      "license": "MIT",
      "peer": true,
      "dependencies": {
        "tslib": "^2.2.0"
      },
      "engines": {
        "node": "^12.14.1 || >=14.0.0"
      },
      "peerDependencies": {
        "@angular/core": "12.2.17",
        "rxjs": "^6.5.3 || ^7.0.0"
      }
    },
    "node_modules/@angular/core": {
      "version": "12.2.17",
      "license": "MIT",
      "peer": true,
      "dependencies": {
        "tslib": "^2.2.0"
      },
      "engines": {
        "node": "^12.14.1 || >=14.0.0"
      },
      "peerDependencies": {
        "rxjs": "^6.5.3 || ^7.0.0",
        "zone.js": "~0.11.4"
      }
    },
    "node_modules/@angular/forms": {
      "version": "13.4.0",
      "license": "MIT",
      "peer": true,
      "dependencies": {
        "tslib": "^2.3.0"
      },
      "engines": {
        "node": "^12.20.0 || ^14.15.0 || >=16.10.0"
      },
      "peerDependencies": {
        "@angular/common": "13.4.0",
        "@angular/core": "13.4.0",
        "@angular/platform-browser": "13.4.0",
        "rxjs": "^6.5.3 || ^7.4.0"
      }
    },
    "node_modules/@angular/material": {
      "version": "12.2.13",
      "license": "MIT",
      "peer": true,
      "dependencies": {
        "tslib": "^2.2.0"
      },
      "peerDependencies": {
        "@angular/animations": "^12.0.0 || ^13.0.0-0",
        "@angular/cdk": "12.2.13",
        "@angular/common": "^12.0.0 || ^13.0.0-0",
        "@angular/core": "^12.0.0 || ^13.0.0-0",
        "@angular/forms": "^12.0.0 || ^13.0.0-0",
        "rxjs": "^6.5.3 || ^7.0.0"
      }
    },
    "node_modules/@angular/platform-browser": {
      "version": "13.4.0",
      "license": "MIT",
      "peer": true,
      "dependencies": {
        "tslib": "^2.3.0"
      },
      "engines": {
        "node": "^12.20.0 || ^14.15.0 || >=16.10.0"
      },
      "peerDependencies": {
        "@angular/animations": "13.4.0",
        "@angular/common": "13.4.0",
        "@angular/core": "13.4.0"
      },
      "peerDependenciesMeta": {
        "@angular/animations": {
          "optional": true
        }
      }
    },
    "node_modules/@i2v-systems/common-components": {
      "version": "1.0.3",
      "resolved": "https://npm.pkg.github.com/download/@i2v-systems/common-components/1.0.3/f4841224fed18290170fb9a8d0d94fed42052ede",
      "integrity": "sha512-dZfkTDMzYnoK/gYOxt6QTl6oIXChA6f2os9qqvCVaBG/HkD956yf4se3AxL0h7N14QMozVBM+MMkHNdWbMQa/w==",
      "peer": true,
      "dependencies": {
        "tslib": "^2.3.0"
      },
      "peerDependencies": {
        "@angular/common": "^12.2.0",
        "@angular/core": "^12.2.0",
        "@i2v-systems/ngx-live-view": "1.2.1",
        "@ngx-translate/core": "^14.0.0",
        "@ngx-translate/http-loader": "^7.0.0"
      }
    },
    "node_modules/@i2v-systems/ngx-live-view": {
      "version": "1.2.1",
      "resolved": "https://npm.pkg.github.com/download/@i2v-systems/ngx-live-view/1.2.1/6eb091dd32d855bf7cfd0a0c306cdc394417144c",
      "integrity": "sha512-YovLyXUj9LGbLNKfnntfJ3GNUJeXLuVqjuSHj1z8JQpDtacKLkNHnCLaXYQxNiOvWV5Rh9zvDUYOpTmvPe0qJQ==",
      "peer": true,
      "dependencies": {
        "tslib": "^2.3.0"
      },
      "peerDependencies": {
        "@angular/animations": "^12.2.16",
        "@angular/cdk": "^12.2.13",
        "@angular/common": "^12.2.0",
        "@angular/core": "^12.2.0",
        "@angular/material": "^12.0.2",
        "@ztree/ztree_v3": "^3.5.48",
        "jquery": "^3.6.1",
        "openseadragon": "^3.1.0"
      }
    },
    "node_modules/@ngx-translate/core": {
      "version": "14.0.0",
      "resolved": "https://registry.npmjs.org/@ngx-translate/core/-/core-14.0.0.tgz",
      "integrity": "sha512-UevdwNCXMRCdJv//0kC8h2eSfmi02r29xeE8E9gJ1Al4D4jEJ7eiLPdjslTMc21oJNGguqqWeEVjf64SFtvw2w==",
      "peer": true,
      "dependencies": {
        "tslib": "^2.3.0"
      },
      "peerDependencies": {
        "@angular/core": ">=13.0.0",
        "rxjs": "^6.5.3 || ^7.4.0"
      }
    },
    "node_modules/@ngx-translate/http-loader": {
      "version": "7.0.0",
      "resolved": "https://registry.npmjs.org/@ngx-translate/http-loader/-/http-loader-7.0.0.tgz",
      "integrity": "sha512-j+NpXXlcGVdyUNyY/qsJrqqeAdJdizCd+GKh3usXExSqy1aE9866jlAIL+xrfDU4w+LiMoma5pgE4emvFebZmA==",
      "peer": true,
      "dependencies": {
        "tslib": "^2.3.0"
      },
      "peerDependencies": {
        "@angular/common": ">=13.0.0",
        "@ngx-translate/core": ">=14.0.0",
        "rxjs": "^6.5.3 || ^7.4.0"
      }
    },
    "node_modules/@progress/jszip-esm": {
      "version": "1.0.3",
      "license": "SEE LICENSE IN LICENSE.md",
      "peer": true,
      "dependencies": {
        "@progress/pako-esm": "^1.0.1"
      }
    },
    "node_modules/@progress/kendo-angular-buttons": {
      "version": "6.4.1",
      "license": "SEE LICENSE IN LICENSE.md",
      "peer": true,
      "dependencies": {
        "@progress/kendo-schematics": "^1.1.0",
        "tslib": "^1.9.0"
      },
      "peerDependencies": {
        "@angular/animations": "8 - 13",
        "@angular/common": "8 - 13",
        "@angular/core": "8 - 13",
        "@angular/forms": "8 - 13",
        "@progress/kendo-angular-common": "^2.0.0",
        "@progress/kendo-angular-l10n": "^3.0.0",
        "@progress/kendo-angular-popup": "^4.0.0",
        "@progress/kendo-licensing": "^1.0.2",
        "rxjs": "^6.4.0 || ^7.0.0"
      }
    },
    "node_modules/@progress/kendo-angular-buttons/node_modules/tslib": {
      "version": "1.14.1",
      "license": "0BSD",
      "peer": true
    },
    "node_modules/@progress/kendo-angular-common": {
      "version": "2.0.3",
      "license": "SEE LICENSE IN LICENSE.md",
      "peer": true,
      "dependencies": {
        "@telerik/kendo-draggable": "^2.0.0",
        "tslib": "^1.9.0"
      },
      "peerDependencies": {
        "@angular/animations": "8 - 13",
        "@angular/common": "8 - 13",
        "@angular/core": "8 - 13",
        "@angular/forms": "8 - 13",
        "rxjs": "^6.4.0 || ^7.0.0"
      }
    },
    "node_modules/@progress/kendo-angular-common/node_modules/tslib": {
      "version": "1.14.1",
      "license": "0BSD",
      "peer": true
    },
    "node_modules/@progress/kendo-angular-dateinputs": {
      "version": "5.3.0",
      "license": "SEE LICENSE IN LICENSE.md",
      "peer": true,
      "dependencies": {
        "@progress/kendo-common": "^0.2.0",
        "@progress/kendo-date-math": "^1.1.0",
        "@progress/kendo-schematics": "^1.1.0",
        "tslib": "^1.9.0"
      },
      "peerDependencies": {
        "@angular/common": "8 - 13",
        "@angular/core": "8 - 13",
        "@angular/forms": "8 - 13",
        "@progress/kendo-angular-common": "^2.0.0",
        "@progress/kendo-angular-intl": "^3.1.0",
        "@progress/kendo-angular-l10n": "^3.0.0",
        "@progress/kendo-angular-popup": "^4.0.0",
        "@progress/kendo-licensing": "^1.1.1",
        "rxjs": "^6.4.0 || ^7.0.0"
      }
    },
    "node_modules/@progress/kendo-angular-dateinputs/node_modules/tslib": {
      "version": "1.14.1",
      "license": "0BSD",
      "peer": true
    },
    "node_modules/@progress/kendo-angular-dropdowns": {
      "version": "5.5.1",
      "license": "SEE LICENSE IN LICENSE.md",
      "peer": true,
      "dependencies": {
        "@progress/kendo-common": "^0.2.1",
        "@progress/kendo-schematics": "^1.1.0",
        "tslib": "^1.9.0"
      },
      "peerDependencies": {
        "@angular/common": "8 - 13",
        "@angular/core": "8 - 13",
        "@angular/forms": "8 - 13",
        "@progress/kendo-angular-common": "^2.0.0",
        "@progress/kendo-angular-l10n": "^3.0.0",
        "@progress/kendo-angular-popup": "^4.0.0",
        "@progress/kendo-angular-treeview": "^5.2.0",
        "@progress/kendo-licensing": "^1.0.2",
        "rxjs": "^6.4.0 || ^7.0.0"
      }
    },
    "node_modules/@progress/kendo-angular-dropdowns/node_modules/tslib": {
      "version": "1.14.1",
      "license": "0BSD",
      "peer": true
    },
    "node_modules/@progress/kendo-angular-excel-export": {
      "version": "4.0.4",
      "license": "SEE LICENSE IN LICENSE.md",
      "peer": true,
      "dependencies": {
        "@progress/kendo-file-saver": "^1.0.0",
        "@progress/kendo-ooxml": "^1.6.1",
        "@progress/kendo-schematics": "^2.0.0",
        "@telerik/kendo-intl": "^2.1.1",
        "tslib": "^1.9.0"
      },
      "peerDependencies": {
        "@angular/common": "8 - 13",
        "@angular/core": "8 - 13",
        "@progress/kendo-angular-common": "^2.0.0",
        "@progress/kendo-angular-l10n": "^3.0.0",
        "@progress/kendo-licensing": "^1.0.2",
        "rxjs": "^6.4.0 || ^7.0.0"
      }
    },
    "node_modules/@progress/kendo-angular-excel-export/node_modules/@progress/kendo-schematics": {
      "version": "2.0.0",
      "license": "SEE LICENSE in LICENSE.md",
      "peer": true
    },
    "node_modules/@progress/kendo-angular-excel-export/node_modules/tslib": {
      "version": "1.14.1",
      "license": "0BSD",
      "peer": true
    },
    "node_modules/@progress/kendo-angular-grid": {
      "version": "5.5.2",
      "license": "SEE LICENSE IN LICENSE.md",
      "peer": true,
      "dependencies": {
        "@progress/kendo-common": "^0.2.0",
        "@progress/kendo-file-saver": "^1.0.0",
        "@progress/kendo-schematics": "^1.1.0",
        "tslib": "^1.9.0"
      },
      "peerDependencies": {
        "@angular/animations": "8 - 13",
        "@angular/common": "8 - 13",
        "@angular/core": "8 - 13",
        "@angular/forms": "8 - 13",
        "@angular/platform-browser": "8 - 13",
        "@progress/kendo-angular-buttons": "^6.0.0",
        "@progress/kendo-angular-common": "^2.0.0",
        "@progress/kendo-angular-dateinputs": "^5.0.0",
        "@progress/kendo-angular-dropdowns": "^5.0.0",
        "@progress/kendo-angular-excel-export": "^4.0.0",
        "@progress/kendo-angular-inputs": "^7.0.0",
        "@progress/kendo-angular-intl": "^3.0.0",
        "@progress/kendo-angular-l10n": "^3.0.0",
        "@progress/kendo-angular-label": "^3.0.0",
        "@progress/kendo-angular-pdf-export": "^3.0.0",
        "@progress/kendo-angular-popup": "^4.0.3",
        "@progress/kendo-data-query": "^1.0.0",
        "@progress/kendo-drawing": "^1.0.0",
        "@progress/kendo-licensing": "^1.0.2",
        "rxjs": "^6.4.0 || ^7.0.0"
      }
    },
    "node_modules/@progress/kendo-angular-grid/node_modules/tslib": {
      "version": "1.14.1",
      "license": "0BSD",
      "peer": true
    },
    "node_modules/@progress/kendo-angular-inputs": {
      "version": "7.5.3",
      "license": "SEE LICENSE IN LICENSE.md",
      "peer": true,
      "dependencies": {
        "@progress/kendo-common": "^0.2.1",
        "@progress/kendo-schematics": "^1.1.0",
        "@telerik/kendo-draggable": "^2.0.0",
        "tslib": "^1.9.0"
      },
      "peerDependencies": {
        "@angular/animations": "8 - 13",
        "@angular/common": "8 - 13",
        "@angular/core": "8 - 13",
        "@angular/forms": "8 - 13",
        "@progress/kendo-angular-common": "^2.0.0",
        "@progress/kendo-angular-intl": "^3.0.0",
        "@progress/kendo-angular-l10n": "^3.0.0",
        "@progress/kendo-angular-popup": "^4.0.0",
        "@progress/kendo-drawing": "^1.5.12",
        "@progress/kendo-licensing": "^1.0.2",
        "rxjs": "^6.4.0 || ^7.0.0"
      }
    },
    "node_modules/@progress/kendo-angular-inputs/node_modules/tslib": {
      "version": "1.14.1",
      "license": "0BSD",
      "peer": true
    },
    "node_modules/@progress/kendo-angular-intl": {
      "version": "3.1.3",
      "license": "SEE LICENSE IN LICENSE.md",
      "peer": true,
      "dependencies": {
        "@telerik/kendo-intl": "^2.3.0",
        "tslib": "^1.9.0"
      },
      "peerDependencies": {
        "@angular/common": "8 - 13",
        "@angular/core": "8 - 13",
        "@progress/kendo-licensing": "^1.0.2",
        "rxjs": "^6.4.0 || ^7.0.0"
      }
    },
    "node_modules/@progress/kendo-angular-intl/node_modules/tslib": {
      "version": "1.14.1",
      "license": "0BSD",
      "peer": true
    },
    "node_modules/@progress/kendo-angular-l10n": {
      "version": "3.0.4",
      "license": "SEE LICENSE IN LICENSE.md",
      "peer": true,
      "dependencies": {
        "tslib": "^1.9.0"
      },
      "peerDependencies": {
        "@angular/common": "8 - 13",
        "@angular/core": "8 - 13",
        "rxjs": "^6.4.0 || ^7.0.0"
      }
    },
    "node_modules/@progress/kendo-angular-l10n/node_modules/tslib": {
      "version": "1.14.1",
      "license": "0BSD",
      "peer": true
    },
    "node_modules/@progress/kendo-angular-label": {
      "version": "3.1.3",
      "license": "SEE LICENSE IN LICENSE.md",
      "peer": true,
      "dependencies": {
        "@progress/kendo-schematics": "^2.0.0",
        "tslib": "^1.9.0"
      },
      "peerDependencies": {
        "@angular/common": "8 - 13",
        "@angular/core": "8 - 13",
        "@angular/forms": "8 - 13",
        "@progress/kendo-angular-common": "^2.0.0",
        "@progress/kendo-licensing": "^1.0.2",
        "rxjs": "^6.4.0 || ^7.0.0"
      }
    },
    "node_modules/@progress/kendo-angular-label/node_modules/@progress/kendo-schematics": {
      "version": "2.0.0",
      "license": "SEE LICENSE in LICENSE.md",
      "peer": true
    },
    "node_modules/@progress/kendo-angular-label/node_modules/tslib": {
      "version": "1.14.1",
      "license": "0BSD",
      "peer": true
    },
    "node_modules/@progress/kendo-angular-menu": {
      "version": "3.0.6",
      "license": "SEE LICENSE IN LICENSE.md",
      "peer": true,
      "dependencies": {
        "@progress/kendo-schematics": "^2.0.0",
        "tslib": "^1.9.0"
      },
      "peerDependencies": {
        "@angular/common": "8 - 13",
        "@angular/core": "8 - 13",
        "@progress/kendo-angular-common": "^2.0.0",
        "@progress/kendo-angular-l10n": "^3.0.0",
        "@progress/kendo-angular-popup": "^4.0.0",
        "@progress/kendo-licensing": "^1.0.2",
        "rxjs": "^6.4.0 || ^7.0.0"
      }
    },
    "node_modules/@progress/kendo-angular-menu/node_modules/@progress/kendo-schematics": {
      "version": "2.0.0",
      "license": "SEE LICENSE in LICENSE.md",
      "peer": true
    },
    "node_modules/@progress/kendo-angular-menu/node_modules/tslib": {
      "version": "1.14.1",
      "license": "0BSD",
      "peer": true
    },
    "node_modules/@progress/kendo-angular-pdf-export": {
      "version": "3.0.4",
      "license": "SEE LICENSE IN LICENSE.md",
      "peer": true,
      "dependencies": {
        "@progress/kendo-file-saver": "^1.0.1",
        "@progress/kendo-schematics": "^2.0.0",
        "tslib": "^1.9.0"
      },
      "peerDependencies": {
        "@angular/common": "8 - 13",
        "@angular/core": "8 - 13",
        "@progress/kendo-angular-common": "^2.0.0",
        "@progress/kendo-drawing": "^1.2.0",
        "@progress/kendo-licensing": "^1.0.2",
        "rxjs": "^6.4.0  || ^7.0.0"
      }
    },
    "node_modules/@progress/kendo-angular-pdf-export/node_modules/@progress/kendo-schematics": {
      "version": "2.0.0",
      "license": "SEE LICENSE in LICENSE.md",
      "peer": true
    },
    "node_modules/@progress/kendo-angular-pdf-export/node_modules/tslib": {
      "version": "1.14.1",
      "license": "0BSD",
      "peer": true
    },
    "node_modules/@progress/kendo-angular-popup": {
      "version": "4.0.6",
      "license": "SEE LICENSE IN LICENSE.md",
      "peer": true,
      "dependencies": {
        "@progress/kendo-popup-common": "^1.7.0",
        "@progress/kendo-schematics": "^2.0.0",
        "tslib": "^1.9.0"
      },
      "peerDependencies": {
        "@angular/animations": "8 - 13",
        "@angular/common": "8 - 13",
        "@angular/core": "8 - 13",
        "@progress/kendo-angular-common": "^2.0.0",
        "@progress/kendo-licensing": "^1.0.2",
        "rxjs": "^6.4.0 || ^7.0.0"
      }
    },
    "node_modules/@progress/kendo-angular-popup/node_modules/@progress/kendo-schematics": {
      "version": "2.0.0",
      "license": "SEE LICENSE in LICENSE.md",
      "peer": true
    },
    "node_modules/@progress/kendo-angular-popup/node_modules/tslib": {
      "version": "1.14.1",
      "license": "0BSD",
      "peer": true
    },
    "node_modules/@progress/kendo-angular-treeview": {
      "version": "5.4.3",
      "license": "SEE LICENSE IN LICENSE.md",
      "peer": true,
      "dependencies": {
        "@progress/kendo-common": "^0.2.0",
        "@progress/kendo-schematics": "^1.0.0",
        "@telerik/kendo-draggable": "^2.0.0",
        "tslib": "^1.9.0"
      },
      "peerDependencies": {
        "@angular/animations": "8 - 13",
        "@angular/common": "8 - 13",
        "@angular/core": "8 - 13",
        "@progress/kendo-angular-common": "^2.0.0",
        "@progress/kendo-angular-inputs": "^7.0.0",
        "@progress/kendo-angular-l10n": "^3.0.0",
        "@progress/kendo-licensing": "^1.1.1",
        "rxjs": "^6.4.0 || ^7.0.0"
      }
    },
    "node_modules/@progress/kendo-angular-treeview/node_modules/tslib": {
      "version": "1.14.1",
      "license": "0BSD",
      "peer": true
    },
    "node_modules/@progress/kendo-common": {
      "version": "0.2.2",
      "license": "SEE LICENSE IN LICENSE.md",
      "peer": true,
      "dependencies": {
        "tslib": "^1.7.0"
      }
    },
    "node_modules/@progress/kendo-common/node_modules/tslib": {
      "version": "1.14.1",
      "license": "0BSD",
      "peer": true
    },
    "node_modules/@progress/kendo-data-query": {
      "version": "1.6.0",
      "license": "SEE LICENSE IN LICENSE.md",
      "peer": true,
      "dependencies": {
        "tslib": "^1.7.0"
      }
    },
    "node_modules/@progress/kendo-data-query/node_modules/tslib": {
      "version": "1.14.1",
      "license": "0BSD",
      "peer": true
    },
    "node_modules/@progress/kendo-date-math": {
      "version": "1.5.11",
      "license": "SEE LICENSE IN LICENSE.md",
      "peer": true,
      "dependencies": {
        "tslib": "^1.7.0"
      }
    },
    "node_modules/@progress/kendo-date-math/node_modules/tslib": {
      "version": "1.14.1",
      "license": "0BSD",
      "peer": true
    },
    "node_modules/@progress/kendo-drawing": {
      "version": "1.17.5",
      "license": "See license in LICENSE.md",
      "peer": true,
      "dependencies": {
        "@progress/pako-esm": "^1.0.1"
      }
    },
    "node_modules/@progress/kendo-file-saver": {
      "version": "1.1.1",
      "license": "Apache-2.0",
      "peer": true
    },
    "node_modules/@progress/kendo-licensing": {
      "version": "1.3.0",
      "hasInstallScript": true,
      "license": "SEE LICENSE IN LICENSE.md",
      "peer": true,
      "dependencies": {
        "jsonwebtoken": "^9.0.0"
      },
      "bin": {
        "kendo-ui-license": "bin/kendo-ui-license.js"
      }
    },
    "node_modules/@progress/kendo-ooxml": {
      "version": "1.7.0",
      "license": "SEE LICENSE IN LICENSE.md",
      "peer": true,
      "dependencies": {
        "@progress/jszip-esm": "^1.0.3",
        "@progress/pako-esm": "^1.0.1"
      }
    },
    "node_modules/@progress/kendo-popup-common": {
      "version": "1.9.2",
      "license": "Apache-2.0",
      "peer": true
    },
    "node_modules/@progress/kendo-schematics": {
      "version": "1.2.2",
      "license": "SEE LICENSE in LICENSE.md",
      "peer": true
    },
    "node_modules/@progress/kendo-theme-default": {
      "version": "4.44.0",
      "license": "Apache-2.0",
      "peer": true
    },
    "node_modules/@progress/pako-esm": {
      "version": "1.0.1",
      "license": "SEE LICENSE IN LICENSE.md",
      "peer": true
    },
    "node_modules/@telerik/kendo-draggable": {
      "version": "2.2.1",
      "license": "Apache-2.0",
      "peer": true
    },
    "node_modules/@telerik/kendo-intl": {
      "version": "2.3.1",
      "license": "Apache-2.0",
      "peer": true
    },
    "node_modules/@ztree/ztree_v3": {
      "version": "3.5.48",
      "resolved": "https://registry.npmjs.org/@ztree/ztree_v3/-/ztree_v3-3.5.48.tgz",
      "integrity": "sha512-4dSA1g26T3j/O3I89+r/Palg+a+xwMGRS1etZoggnCGBPoOrwW8VGA3zitJCK/Yd7eEMX+LfKTRJjEGiWpoN3w==",
      "peer": true,
      "dependencies": {
        "jquery": ">=1.4.4"
      },
      "engines": {
        "node": ">=0.10.0"
      }
    },
    "node_modules/buffer-equal-constant-time": {
      "version": "1.0.1",
      "license": "BSD-3-Clause",
      "peer": true
    },
    "node_modules/ecdsa-sig-formatter": {
      "version": "1.0.11",
      "license": "Apache-2.0",
      "peer": true,
      "dependencies": {
        "safe-buffer": "^5.0.1"
      }
    },
    "node_modules/jquery": {
      "version": "3.7.0",
      "resolved": "https://registry.npmjs.org/jquery/-/jquery-3.7.0.tgz",
      "integrity": "sha512-umpJ0/k8X0MvD1ds0P9SfowREz2LenHsQaxSohMZ5OMNEU2r0tf8pdeEFTHMFxWVxKNyU9rTtK3CWzUCTKJUeQ==",
      "peer": true
    },
    "node_modules/jsonwebtoken": {
      "version": "9.0.0",
      "license": "MIT",
      "peer": true,
      "dependencies": {
        "jws": "^3.2.2",
        "lodash": "^4.17.21",
        "ms": "^2.1.1",
        "semver": "^7.3.8"
      },
      "engines": {
        "node": ">=12",
        "npm": ">=6"
      }
    },
    "node_modules/jwa": {
      "version": "1.4.1",
      "license": "MIT",
      "peer": true,
      "dependencies": {
        "buffer-equal-constant-time": "1.0.1",
        "ecdsa-sig-formatter": "1.0.11",
        "safe-buffer": "^5.0.1"
      }
    },
    "node_modules/jws": {
      "version": "3.2.2",
      "license": "MIT",
      "peer": true,
      "dependencies": {
        "jwa": "^1.4.1",
        "safe-buffer": "^5.0.1"
      }
    },
    "node_modules/lodash": {
      "version": "4.17.21",
      "license": "MIT",
      "peer": true
    },
    "node_modules/lru-cache": {
      "version": "6.0.0",
      "license": "ISC",
      "peer": true,
      "dependencies": {
        "yallist": "^4.0.0"
      },
      "engines": {
        "node": ">=10"
      }
    },
    "node_modules/ms": {
      "version": "2.1.3",
      "license": "MIT",
      "peer": true
    },
    "node_modules/openseadragon": {
      "version": "3.1.0",
      "resolved": "https://registry.npmjs.org/openseadragon/-/openseadragon-3.1.0.tgz",
      "integrity": "sha512-0zCbRIWUbCto7xm1tv2ZLEiSl84cDU659W/sfs2zqqTqVRa4CRHzhy7i9nsv6dHA1DryFR8IzjStjmWOqRs9Rg==",
      "peer": true,
      "funding": {
        "url": "https://opencollective.com/openseadragon"
      }
    },
    "node_modules/parse5": {
      "version": "5.1.1",
      "license": "MIT",
      "optional": true,
      "peer": true
    },
    "node_modules/rxjs": {
      "version": "7.8.1",
      "license": "Apache-2.0",
      "peer": true,
      "dependencies": {
        "tslib": "^2.1.0"
      }
    },
    "node_modules/safe-buffer": {
      "version": "5.2.1",
      "funding": [
        {
          "type": "github",
          "url": "https://github.com/sponsors/feross"
        },
        {
          "type": "patreon",
          "url": "https://www.patreon.com/feross"
        },
        {
          "type": "consulting",
          "url": "https://feross.org/support"
        }
      ],
      "license": "MIT",
      "peer": true
    },
    "node_modules/semver": {
      "version": "7.5.3",
      "license": "ISC",
      "peer": true,
      "dependencies": {
        "lru-cache": "^6.0.0"
      },
      "bin": {
        "semver": "bin/semver.js"
      },
      "engines": {
        "node": ">=10"
      }
    },
    "node_modules/tslib": {
      "version": "2.6.0",
      "license": "0BSD"
    },
    "node_modules/yallist": {
      "version": "4.0.0",
      "license": "ISC",
      "peer": true
    },
    "node_modules/zone.js": {
      "version": "0.11.8",
      "license": "MIT",
      "peer": true,
      "dependencies": {
        "tslib": "^2.3.0"
      }
    }
  },
  "dependencies": {
    "@angular/animations": {
      "version": "12.2.17",
      "resolved": "https://registry.npmjs.org/@angular/animations/-/animations-12.2.17.tgz",
      "integrity": "sha512-WVUcvKvr6wr9Nf3I2ksu5bFJ5xHhby4UEBTvOAdLpDqic+dzqtzVwAktDRprBSdxKQk1OlTw6jD4MsVEDKnZTg==",
      "peer": true,
      "requires": {
        "tslib": "^2.2.0"
      }
    },
    "@angular/cdk": {
      "version": "12.2.13",
      "peer": true,
      "requires": {
        "parse5": "^5.0.0",
        "tslib": "^2.2.0"
      }
    },
    "@angular/common": {
      "version": "12.2.17",
      "peer": true,
      "requires": {
        "tslib": "^2.2.0"
      }
    },
    "@angular/core": {
      "version": "12.2.17",
      "peer": true,
      "requires": {
        "tslib": "^2.2.0"
      }
    },
    "@angular/forms": {
      "version": "13.4.0",
      "peer": true,
      "requires": {
        "tslib": "^2.3.0"
      }
    },
    "@angular/material": {
      "version": "12.2.13",
      "peer": true,
      "requires": {
        "tslib": "^2.2.0"
      }
    },
    "@angular/platform-browser": {
      "version": "13.4.0",
      "peer": true,
      "requires": {
        "tslib": "^2.3.0"
      }
    },
    "@i2v-systems/common-components": {
      "version": "1.0.3",
      "resolved": "https://npm.pkg.github.com/download/@i2v-systems/common-components/1.0.3/f4841224fed18290170fb9a8d0d94fed42052ede",
      "integrity": "sha512-dZfkTDMzYnoK/gYOxt6QTl6oIXChA6f2os9qqvCVaBG/HkD956yf4se3AxL0h7N14QMozVBM+MMkHNdWbMQa/w==",
      "peer": true,
      "requires": {
        "tslib": "^2.3.0"
      }
    },
    "@i2v-systems/ngx-live-view": {
      "version": "1.2.1",
      "resolved": "https://npm.pkg.github.com/download/@i2v-systems/ngx-live-view/1.2.1/6eb091dd32d855bf7cfd0a0c306cdc394417144c",
      "integrity": "sha512-YovLyXUj9LGbLNKfnntfJ3GNUJeXLuVqjuSHj1z8JQpDtacKLkNHnCLaXYQxNiOvWV5Rh9zvDUYOpTmvPe0qJQ==",
      "peer": true,
      "requires": {
        "tslib": "^2.3.0"
      }
    },
    "@ngx-translate/core": {
      "version": "14.0.0",
      "resolved": "https://registry.npmjs.org/@ngx-translate/core/-/core-14.0.0.tgz",
      "integrity": "sha512-UevdwNCXMRCdJv//0kC8h2eSfmi02r29xeE8E9gJ1Al4D4jEJ7eiLPdjslTMc21oJNGguqqWeEVjf64SFtvw2w==",
      "peer": true,
      "requires": {
        "tslib": "^2.3.0"
      }
    },
    "@ngx-translate/http-loader": {
      "version": "7.0.0",
      "resolved": "https://registry.npmjs.org/@ngx-translate/http-loader/-/http-loader-7.0.0.tgz",
      "integrity": "sha512-j+NpXXlcGVdyUNyY/qsJrqqeAdJdizCd+GKh3usXExSqy1aE9866jlAIL+xrfDU4w+LiMoma5pgE4emvFebZmA==",
      "peer": true,
      "requires": {
        "tslib": "^2.3.0"
      }
    },
    "@progress/jszip-esm": {
      "version": "1.0.3",
      "peer": true,
      "requires": {
        "@progress/pako-esm": "^1.0.1"
      }
    },
    "@progress/kendo-angular-buttons": {
      "version": "6.4.1",
      "peer": true,
      "requires": {
        "@progress/kendo-schematics": "^1.1.0",
        "tslib": "^1.9.0"
      },
      "dependencies": {
        "tslib": {
          "version": "1.14.1",
          "peer": true
        }
      }
    },
    "@progress/kendo-angular-common": {
      "version": "2.0.3",
      "peer": true,
      "requires": {
        "@telerik/kendo-draggable": "^2.0.0",
        "tslib": "^1.9.0"
      },
      "dependencies": {
        "tslib": {
          "version": "1.14.1",
          "peer": true
        }
      }
    },
    "@progress/kendo-angular-dateinputs": {
      "version": "5.3.0",
      "peer": true,
      "requires": {
        "@progress/kendo-common": "^0.2.0",
        "@progress/kendo-date-math": "^1.1.0",
        "@progress/kendo-schematics": "^1.1.0",
        "tslib": "^1.9.0"
      },
      "dependencies": {
        "tslib": {
          "version": "1.14.1",
          "peer": true
        }
      }
    },
    "@progress/kendo-angular-dropdowns": {
      "version": "5.5.1",
      "peer": true,
      "requires": {
        "@progress/kendo-common": "^0.2.1",
        "@progress/kendo-schematics": "^1.1.0",
        "tslib": "^1.9.0"
      },
      "dependencies": {
        "tslib": {
          "version": "1.14.1",
          "peer": true
        }
      }
    },
    "@progress/kendo-angular-excel-export": {
      "version": "4.0.4",
      "peer": true,
      "requires": {
        "@progress/kendo-file-saver": "^1.0.0",
        "@progress/kendo-ooxml": "^1.6.1",
        "@progress/kendo-schematics": "^2.0.0",
        "@telerik/kendo-intl": "^2.1.1",
        "tslib": "^1.9.0"
      },
      "dependencies": {
        "@progress/kendo-schematics": {
          "version": "2.0.0",
          "peer": true
        },
        "tslib": {
          "version": "1.14.1",
          "peer": true
        }
      }
    },
    "@progress/kendo-angular-grid": {
      "version": "5.5.2",
      "peer": true,
      "requires": {
        "@progress/kendo-common": "^0.2.0",
        "@progress/kendo-file-saver": "^1.0.0",
        "@progress/kendo-schematics": "^1.1.0",
        "tslib": "^1.9.0"
      },
      "dependencies": {
        "tslib": {
          "version": "1.14.1",
          "peer": true
        }
      }
    },
    "@progress/kendo-angular-inputs": {
      "version": "7.5.3",
      "peer": true,
      "requires": {
        "@progress/kendo-common": "^0.2.1",
        "@progress/kendo-schematics": "^1.1.0",
        "@telerik/kendo-draggable": "^2.0.0",
        "tslib": "^1.9.0"
      },
      "dependencies": {
        "tslib": {
          "version": "1.14.1",
          "peer": true
        }
      }
    },
    "@progress/kendo-angular-intl": {
      "version": "3.1.3",
      "peer": true,
      "requires": {
        "@telerik/kendo-intl": "^2.3.0",
        "tslib": "^1.9.0"
      },
      "dependencies": {
        "tslib": {
          "version": "1.14.1",
          "peer": true
        }
      }
    },
    "@progress/kendo-angular-l10n": {
      "version": "3.0.4",
      "peer": true,
      "requires": {
        "tslib": "^1.9.0"
      },
      "dependencies": {
        "tslib": {
          "version": "1.14.1",
          "peer": true
        }
      }
    },
    "@progress/kendo-angular-label": {
      "version": "3.1.3",
      "peer": true,
      "requires": {
        "@progress/kendo-schematics": "^2.0.0",
        "tslib": "^1.9.0"
      },
      "dependencies": {
        "@progress/kendo-schematics": {
          "version": "2.0.0",
          "peer": true
        },
        "tslib": {
          "version": "1.14.1",
          "peer": true
        }
      }
    },
    "@progress/kendo-angular-menu": {
      "version": "3.0.6",
      "peer": true,
      "requires": {
        "@progress/kendo-schematics": "^2.0.0",
        "tslib": "^1.9.0"
      },
      "dependencies": {
        "@progress/kendo-schematics": {
          "version": "2.0.0",
          "peer": true
        },
        "tslib": {
          "version": "1.14.1",
          "peer": true
        }
      }
    },
    "@progress/kendo-angular-pdf-export": {
      "version": "3.0.4",
      "peer": true,
      "requires": {
        "@progress/kendo-file-saver": "^1.0.1",
        "@progress/kendo-schematics": "^2.0.0",
        "tslib": "^1.9.0"
      },
      "dependencies": {
        "@progress/kendo-schematics": {
          "version": "2.0.0",
          "peer": true
        },
        "tslib": {
          "version": "1.14.1",
          "peer": true
        }
      }
    },
    "@progress/kendo-angular-popup": {
      "version": "4.0.6",
      "peer": true,
      "requires": {
        "@progress/kendo-popup-common": "^1.7.0",
        "@progress/kendo-schematics": "^2.0.0",
        "tslib": "^1.9.0"
      },
      "dependencies": {
        "@progress/kendo-schematics": {
          "version": "2.0.0",
          "peer": true
        },
        "tslib": {
          "version": "1.14.1",
          "peer": true
        }
      }
    },
    "@progress/kendo-angular-treeview": {
      "version": "5.4.3",
      "peer": true,
      "requires": {
        "@progress/kendo-common": "^0.2.0",
        "@progress/kendo-schematics": "^1.0.0",
        "@telerik/kendo-draggable": "^2.0.0",
        "tslib": "^1.9.0"
      },
      "dependencies": {
        "tslib": {
          "version": "1.14.1",
          "peer": true
        }
      }
    },
    "@progress/kendo-common": {
      "version": "0.2.2",
      "peer": true,
      "requires": {
        "tslib": "^1.7.0"
      },
      "dependencies": {
        "tslib": {
          "version": "1.14.1",
          "peer": true
        }
      }
    },
    "@progress/kendo-data-query": {
      "version": "1.6.0",
      "peer": true,
      "requires": {
        "tslib": "^1.7.0"
      },
      "dependencies": {
        "tslib": {
          "version": "1.14.1",
          "peer": true
        }
      }
    },
    "@progress/kendo-date-math": {
      "version": "1.5.11",
      "peer": true,
      "requires": {
        "tslib": "^1.7.0"
      },
      "dependencies": {
        "tslib": {
          "version": "1.14.1",
          "peer": true
        }
      }
    },
    "@progress/kendo-drawing": {
      "version": "1.17.5",
      "peer": true,
      "requires": {
        "@progress/pako-esm": "^1.0.1"
      }
    },
    "@progress/kendo-file-saver": {
      "version": "1.1.1",
      "peer": true
    },
    "@progress/kendo-licensing": {
      "version": "1.3.0",
      "peer": true,
      "requires": {
        "jsonwebtoken": "^9.0.0"
      }
    },
    "@progress/kendo-ooxml": {
      "version": "1.7.0",
      "peer": true,
      "requires": {
        "@progress/jszip-esm": "^1.0.3",
        "@progress/pako-esm": "^1.0.1"
      }
    },
    "@progress/kendo-popup-common": {
      "version": "1.9.2",
      "peer": true
    },
    "@progress/kendo-schematics": {
      "version": "1.2.2",
      "peer": true
    },
    "@progress/kendo-theme-default": {
      "version": "4.44.0",
      "peer": true
    },
    "@progress/pako-esm": {
      "version": "1.0.1",
      "peer": true
    },
    "@telerik/kendo-draggable": {
      "version": "2.2.1",
      "peer": true
    },
    "@telerik/kendo-intl": {
      "version": "2.3.1",
      "peer": true
    },
    "@ztree/ztree_v3": {
      "version": "3.5.48",
      "resolved": "https://registry.npmjs.org/@ztree/ztree_v3/-/ztree_v3-3.5.48.tgz",
      "integrity": "sha512-4dSA1g26T3j/O3I89+r/Palg+a+xwMGRS1etZoggnCGBPoOrwW8VGA3zitJCK/Yd7eEMX+LfKTRJjEGiWpoN3w==",
      "peer": true,
      "requires": {
        "jquery": ">=1.4.4"
      }
    },
    "buffer-equal-constant-time": {
      "version": "1.0.1",
      "peer": true
    },
    "ecdsa-sig-formatter": {
      "version": "1.0.11",
      "peer": true,
      "requires": {
        "safe-buffer": "^5.0.1"
      }
    },
    "jquery": {
      "version": "3.7.0",
      "resolved": "https://registry.npmjs.org/jquery/-/jquery-3.7.0.tgz",
      "integrity": "sha512-umpJ0/k8X0MvD1ds0P9SfowREz2LenHsQaxSohMZ5OMNEU2r0tf8pdeEFTHMFxWVxKNyU9rTtK3CWzUCTKJUeQ==",
      "peer": true
    },
    "jsonwebtoken": {
      "version": "9.0.0",
      "peer": true,
      "requires": {
        "jws": "^3.2.2",
        "lodash": "^4.17.21",
        "ms": "^2.1.1",
        "semver": "^7.3.8"
      }
    },
    "jwa": {
      "version": "1.4.1",
      "peer": true,
      "requires": {
        "buffer-equal-constant-time": "1.0.1",
        "ecdsa-sig-formatter": "1.0.11",
        "safe-buffer": "^5.0.1"
      }
    },
    "jws": {
      "version": "3.2.2",
      "peer": true,
      "requires": {
        "jwa": "^1.4.1",
        "safe-buffer": "^5.0.1"
      }
    },
    "lodash": {
      "version": "4.17.21",
      "peer": true
    },
    "lru-cache": {
      "version": "6.0.0",
      "peer": true,
      "requires": {
        "yallist": "^4.0.0"
      }
    },
    "ms": {
      "version": "2.1.3",
      "peer": true
    },
    "openseadragon": {
      "version": "3.1.0",
      "resolved": "https://registry.npmjs.org/openseadragon/-/openseadragon-3.1.0.tgz",
      "integrity": "sha512-0zCbRIWUbCto7xm1tv2ZLEiSl84cDU659W/sfs2zqqTqVRa4CRHzhy7i9nsv6dHA1DryFR8IzjStjmWOqRs9Rg==",
      "peer": true
    },
    "parse5": {
      "version": "5.1.1",
      "optional": true,
      "peer": true
    },
    "rxjs": {
      "version": "7.8.1",
      "peer": true,
      "requires": {
        "tslib": "^2.1.0"
      }
    },
    "safe-buffer": {
      "version": "5.2.1",
      "peer": true
    },
    "semver": {
      "version": "7.5.3",
      "peer": true,
      "requires": {
        "lru-cache": "^6.0.0"
      }
    },
    "tslib": {
      "version": "2.6.0"
    },
    "yallist": {
      "version": "4.0.0",
      "peer": true
    },
    "zone.js": {
      "version": "0.11.8",
      "peer": true,
      "requires": {
        "tslib": "^2.3.0"
      }
    }
  }
}
